
Microsoft Visual Studio Solution File, Format Version 12.00
# Visual Studio Version 17
VisualStudioVersion = 17.7.34202.233
MinimumVisualStudioVersion = 10.0.40219.1
Project("{FAE04EC0-301F-11D3-BF4B-00C04F79EFBC}") = "DeprtEntity", "DeprtEntity\DeprtEntity.csproj", "{69038A3F-A564-463A-86E2-3D9B10C62B25}"
EndProject
Global
	GlobalSection(SolutionConfigurationPlatforms) = preSolution
		Debug|Any CPU = Debug|Any CPU
		Release|Any CPU = Release|Any CPU
	EndGlobalSection
	GlobalSection(ProjectConfigurationPlatforms) = postSolution
		{69038A3F-A564-463A-86E2-3D9B10C62B25}.Debug|Any CPU.ActiveCfg = Debug|Any CPU
		{69038A3F-A564-463A-86E2-3D9B10C62B25}.Debug|Any CPU.Build.0 = Debug|Any CPU
		{69038A3F-A564-463A-86E2-3D9B10C62B25}.Release|Any CPU.ActiveCfg = Release|Any CPU
		{69038A3F-A564-463A-86E2-3D9B10C62B25}.Release|Any CPU.Build.0 = Release|Any CPU
	EndGlobalSection
	GlobalSection(SolutionProperties) = preSolution
		HideSolutionNode = FALSE
	EndGlobalSection
	GlobalSection(ExtensibilityGlobals) = postSolution
		SolutionGuid = {EB18434A-D6C1-4E4B-A349-3A87D2F369B5}
	EndGlobalSection
EndGlobal
